
Microsoft Visual Studio Solution File, Format Version 12.00
# Visual Studio Version 17
VisualStudioVersion = 17.0.31903.59
MinimumVisualStudioVersion = 10.0.40219.1
Project("{FAE04EC0-301F-11D3-BF4B-00C04F79EFBC}") = "spacebattle", "spacebattle\spacebattle.csproj", "{423D4973-D5CF-4E01-BA34-150D76E30AF2}"
EndProject
Project("{FAE04EC0-301F-11D3-BF4B-00C04F79EFBC}") = "spacebattletests", "spacebattletests\spacebattletests.csproj", "{8C7736D6-10A4-4A72-8C40-DF9E703A5D11}"
EndProject
Global
	GlobalSection(SolutionConfigurationPlatforms) = preSolution
		Debug|Any CPU = Debug|Any CPU
		Release|Any CPU = Release|Any CPU
	EndGlobalSection
	GlobalSection(SolutionProperties) = preSolution
		HideSolutionNode = FALSE
	EndGlobalSection
	GlobalSection(ProjectConfigurationPlatforms) = postSolution
		{423D4973-D5CF-4E01-BA34-150D76E30AF2}.Debug|Any CPU.ActiveCfg = Debug|Any CPU
		{423D4973-D5CF-4E01-BA34-150D76E30AF2}.Debug|Any CPU.Build.0 = Debug|Any CPU
		{423D4973-D5CF-4E01-BA34-150D76E30AF2}.Release|Any CPU.ActiveCfg = Release|Any CPU
		{423D4973-D5CF-4E01-BA34-150D76E30AF2}.Release|Any CPU.Build.0 = Release|Any CPU
		{8C7736D6-10A4-4A72-8C40-DF9E703A5D11}.Debug|Any CPU.ActiveCfg = Debug|Any CPU
		{8C7736D6-10A4-4A72-8C40-DF9E703A5D11}.Debug|Any CPU.Build.0 = Debug|Any CPU
		{8C7736D6-10A4-4A72-8C40-DF9E703A5D11}.Release|Any CPU.ActiveCfg = Release|Any CPU
		{8C7736D6-10A4-4A72-8C40-DF9E703A5D11}.Release|Any CPU.Build.0 = Release|Any CPU
	EndGlobalSection
EndGlobal
